
Microsoft Visual Studio Solution File, Format Version 12.00
# Visual Studio Version 16
VisualStudioVersion = 16.0.808.0
MinimumVisualStudioVersion = 10.0.40219.1
Project("{FAE04EC0-301F-11D3-BF4B-00C04F79EFBC}") = "Calculator", "Calculator\Calculator.csproj", "{CA8A5A0C-1970-48B5-9021-48A05A58987D}"
EndProject
Project("{FAE04EC0-301F-11D3-BF4B-00C04F79EFBC}") = "CalculatorTests", "CalculatorTests\CalculatorTests.csproj", "{A83A6011-40B7-4706-8F27-90EC21D4505D}"
EndProject
Global
	GlobalSection(SolutionConfigurationPlatforms) = preSolution
		Debug|Any CPU = Debug|Any CPU
		Release|Any CPU = Release|Any CPU
	EndGlobalSection
	GlobalSection(ProjectConfigurationPlatforms) = postSolution
		{CA8A5A0C-1970-48B5-9021-48A05A58987D}.Debug|Any CPU.ActiveCfg = Debug|Any CPU
		{CA8A5A0C-1970-48B5-9021-48A05A58987D}.Debug|Any CPU.Build.0 = Debug|Any CPU
		{CA8A5A0C-1970-48B5-9021-48A05A58987D}.Release|Any CPU.ActiveCfg = Release|Any CPU
		{CA8A5A0C-1970-48B5-9021-48A05A58987D}.Release|Any CPU.Build.0 = Release|Any CPU
		{A83A6011-40B7-4706-8F27-90EC21D4505D}.Debug|Any CPU.ActiveCfg = Debug|Any CPU
		{A83A6011-40B7-4706-8F27-90EC21D4505D}.Debug|Any CPU.Build.0 = Debug|Any CPU
		{A83A6011-40B7-4706-8F27-90EC21D4505D}.Release|Any CPU.ActiveCfg = Release|Any CPU
		{A83A6011-40B7-4706-8F27-90EC21D4505D}.Release|Any CPU.Build.0 = Release|Any CPU
	EndGlobalSection
	GlobalSection(SolutionProperties) = preSolution
		HideSolutionNode = FALSE
	EndGlobalSection
	GlobalSection(ExtensibilityGlobals) = postSolution
		SolutionGuid = {8953D2CB-A465-46F8-91BE-B64FB0CBCD21}
	EndGlobalSection
EndGlobal
